
Microsoft Visual Studio Solution File, Format Version 12.00
# Visual Studio Version 16
VisualStudioVersion = 16.0.35931.194
MinimumVisualStudioVersion = 10.0.40219.1
Project("{FAE04EC0-301F-11D3-BF4B-00C04F79EFBC}") = "TurboTyper", "TurboTyper.csproj", "{163AB618-A06E-4162-9AA4-C9D07C204AEF}"
EndProject
Global
	GlobalSection(SolutionConfigurationPlatforms) = preSolution
		Debug|Any CPU = Debug|Any CPU
		Release|Any CPU = Release|Any CPU
	EndGlobalSection
	GlobalSection(ProjectConfigurationPlatforms) = postSolution
		{163AB618-A06E-4162-9AA4-C9D07C204AEF}.Debug|Any CPU.ActiveCfg = Debug|Any CPU
		{163AB618-A06E-4162-9AA4-C9D07C204AEF}.Debug|Any CPU.Build.0 = Debug|Any CPU
		{163AB618-A06E-4162-9AA4-C9D07C204AEF}.Release|Any CPU.ActiveCfg = Release|Any CPU
		{163AB618-A06E-4162-9AA4-C9D07C204AEF}.Release|Any CPU.Build.0 = Release|Any CPU
	EndGlobalSection
	GlobalSection(SolutionProperties) = preSolution
		HideSolutionNode = FALSE
	EndGlobalSection
	GlobalSection(ExtensibilityGlobals) = postSolution
		SolutionGuid = {4FFD57A7-C03D-46FC-B741-6DE92C09EA7A}
	EndGlobalSection
EndGlobal
